<?xml version="1.0" encoding="utf-8"?>
<Project ToolsVersion="4.0" xmlns="http://schemas.microsoft.com/developer/msbuild/2003">
  <ItemGroup>
    <Filter Include="Source Files">
      <UniqueIdentifier>{4FC737F1-C7A5-4376-A066-2A32D752A2FF}</UniqueIdentifier>
      <Extensions>cpp;c;cc;cxx;c++;cppm;ixx;def;odl;idl;hpj;bat;asm;asmx</Extensions>
    </Filter>
    <Filter Include="Header Files">
      <UniqueIdentifier>{93995380-89BD-4b04-88EB-625FBE52EBFB}</UniqueIdentifier>
      <Extensions>h;hh;hpp;hxx;h++;hm;inl;inc;ipp;xsd</Extensions>
    </Filter>
    <Filter Include="Resource Files">
      <UniqueIdentifier>{67DA6AB6-F800-4c08-8B7A-83BB121AAD01}</UniqueIdentifier>
      <Extensions>rc;ico;cur;bmp;dlg;rc2;rct;bin;rgs;gif;jpg;jpeg;jpe;resx;tiff;tif;png;wav;mfcribbon-ms</Extensions>
    </Filter>
    <Filter Include="Lexer">
      <UniqueIdentifier>{bf58b2ae-917b-49f7-922e-9fcbb900e168}</UniqueIdentifier>
    </Filter>
    <Filter Include="Helper">
      <UniqueIdentifier>{9d43e670-ac71-4bd2-b98b-bc87e6d25653}</UniqueIdentifier>
    </Filter>
    <Filter Include="Token">
      <UniqueIdentifier>{49c4c3e9-4ef9-4ac2-a6b7-eacdc9e78bf2}</UniqueIdentifier>
    </Filter>
    <Filter Include="ast">
      <UniqueIdentifier>{b03a0cf5-8779-44e7-8429-f67342f4a06e}</UniqueIdentifier>
    </Filter>
  </ItemGroup>
  <ItemGroup>
    <ClInclude Include="Helper.h">
      <Filter>Helper</Filter>
    </ClInclude>
    <ClInclude Include="Lexer.h">
      <Filter>Lexer</Filter>
    </ClInclude>
    <ClInclude Include="token.h">
      <Filter>Token</Filter>
    </ClInclude>
    <ClInclude Include="main.h">
      <Filter>Header Files</Filter>
    </ClInclude>
    <ClInclude Include="Node.h">
      <Filter>ast</Filter>
    </ClInclude>
    <ClInclude Include="Statement.h">
      <Filter>ast</Filter>
    </ClInclude>
    <ClInclude Include="Expression.h">
      <Filter>ast</Filter>
    </ClInclude>
    <ClInclude Include="Program.h">
      <Filter>ast</Filter>
    </ClInclude>
  </ItemGroup>
  <ItemGroup>
    <ClCompile Include="Lexer.cpp">
      <Filter>Lexer</Filter>
    </ClCompile>
    <ClCompile Include="Helper.cpp">
      <Filter>Helper</Filter>
    </ClCompile>
    <ClCompile Include="token.cpp">
      <Filter>Token</Filter>
    </ClCompile>
    <ClCompile Include="main.cpp">
      <Filter>Source Files</Filter>
    </ClCompile>
    <ClCompile Include="Node.cpp">
      <Filter>ast</Filter>
    </ClCompile>
    <ClCompile Include="Statement.cpp">
      <Filter>ast</Filter>
    </ClCompile>
    <ClCompile Include="Expression.cpp">
      <Filter>ast</Filter>
    </ClCompile>
    <ClCompile Include="Program.cpp">
      <Filter>ast</Filter>
    </ClCompile>
  </ItemGroup>
</Project>