<?xml version="1.0" encoding="utf-8"?>
<Project ToolsVersion="4.0" xmlns="http://schemas.microsoft.com/developer/msbuild/2003">
  <ItemGroup>
    <Filter Include="Source Files">
      <UniqueIdentifier>{4FC737F1-C7A5-4376-A066-2A32D752A2FF}</UniqueIdentifier>
      <Extensions>cpp;c;cc;cxx;c++;cppm;ixx;def;odl;idl;hpj;bat;asm;asmx</Extensions>
    </Filter>
    <Filter Include="Header Files">
      <UniqueIdentifier>{93995380-89BD-4b04-88EB-625FBE52EBFB}</UniqueIdentifier>
      <Extensions>h;hh;hpp;hxx;h++;hm;inl;inc;ipp;xsd</Extensions>
    </Filter>
    <Filter Include="Resource Files">
      <UniqueIdentifier>{67DA6AB6-F800-4c08-8B7A-83BB121AAD01}</UniqueIdentifier>
      <Extensions>rc;ico;cur;bmp;dlg;rc2;rct;bin;rgs;gif;jpg;jpeg;jpe;resx;tiff;tif;png;wav;mfcribbon-ms</Extensions>
    </Filter>
    <Filter Include="Lexer">
      <UniqueIdentifier>{bf58b2ae-917b-49f7-922e-9fcbb900e168}</UniqueIdentifier>
    </Filter>
    <Filter Include="Helper">
      <UniqueIdentifier>{9d43e670-ac71-4bd2-b98b-bc87e6d25653}</UniqueIdentifier>
    </Filter>
    <Filter Include="Token">
      <UniqueIdentifier>{49c4c3e9-4ef9-4ac2-a6b7-eacdc9e78bf2}</UniqueIdentifier>
    </Filter>
    <Filter Include="ast">
      <UniqueIdentifier>{b03a0cf5-8779-44e7-8429-f67342f4a06e}</UniqueIdentifier>
    </Filter>
    <Filter Include="ast\Boolean">
      <UniqueIdentifier>{86efa418-01e3-4711-aa6b-09025163aece}</UniqueIdentifier>
    </Filter>
    <Filter Include="ast\Expression">
      <UniqueIdentifier>{4c3d5b72-ce91-4877-bb98-5db11a415103}</UniqueIdentifier>
    </Filter>
    <Filter Include="ast\Identifier">
      <UniqueIdentifier>{2e226f97-514f-4500-b2ba-765d9a770943}</UniqueIdentifier>
    </Filter>
    <Filter Include="ast\LetStatement">
      <UniqueIdentifier>{8d73825e-2136-495a-974b-dcbda5d8bbff}</UniqueIdentifier>
    </Filter>
    <Filter Include="ast\Node">
      <UniqueIdentifier>{f919300a-75ed-40cc-8fca-df340f14e0d3}</UniqueIdentifier>
    </Filter>
    <Filter Include="ast\Statement">
      <UniqueIdentifier>{2ce9cd4e-80db-4e5b-a29f-735b551341b8}</UniqueIdentifier>
    </Filter>
    <Filter Include="ast\Program">
      <UniqueIdentifier>{613079f2-a24c-4dd3-84ef-40bd0c4e5d9c}</UniqueIdentifier>
    </Filter>
    <Filter Include="ast\IntegerLiteral">
      <UniqueIdentifier>{d3e36deb-28cb-464d-86d7-c809ffca361c}</UniqueIdentifier>
    </Filter>
    <Filter Include="ast\PrefixExpression">
      <UniqueIdentifier>{db4641fe-ee76-4531-bee9-e238c456dabd}</UniqueIdentifier>
    </Filter>
  </ItemGroup>
  <ItemGroup>
    <ClInclude Include="Helper.h">
      <Filter>Helper</Filter>
    </ClInclude>
    <ClInclude Include="Lexer.h">
      <Filter>Lexer</Filter>
    </ClInclude>
    <ClInclude Include="token.h">
      <Filter>Token</Filter>
    </ClInclude>
    <ClInclude Include="main.h">
      <Filter>Header Files</Filter>
    </ClInclude>
    <ClInclude Include="Boolean.h">
      <Filter>ast\Boolean</Filter>
    </ClInclude>
    <ClInclude Include="Expression.h">
      <Filter>ast\Expression</Filter>
    </ClInclude>
    <ClInclude Include="Identifier.h">
      <Filter>ast\Identifier</Filter>
    </ClInclude>
    <ClInclude Include="LetStatement.h">
      <Filter>ast\LetStatement</Filter>
    </ClInclude>
    <ClInclude Include="Node.h">
      <Filter>ast\Node</Filter>
    </ClInclude>
    <ClInclude Include="Statement.h">
      <Filter>ast\Statement</Filter>
    </ClInclude>
    <ClInclude Include="Program.h">
      <Filter>ast\Program</Filter>
    </ClInclude>
    <ClInclude Include="IntegerLiteral.h">
      <Filter>ast\IntegerLiteral</Filter>
    </ClInclude>
    <ClInclude Include="PrefixExpression.h">
      <Filter>ast\PrefixExpression</Filter>
    </ClInclude>
  </ItemGroup>
  <ItemGroup>
    <ClCompile Include="Lexer.cpp">
      <Filter>Lexer</Filter>
    </ClCompile>
    <ClCompile Include="Helper.cpp">
      <Filter>Helper</Filter>
    </ClCompile>
    <ClCompile Include="token.cpp">
      <Filter>Token</Filter>
    </ClCompile>
    <ClCompile Include="main.cpp">
      <Filter>Source Files</Filter>
    </ClCompile>
    <ClCompile Include="Boolean.cpp">
      <Filter>ast\Boolean</Filter>
    </ClCompile>
    <ClCompile Include="Expression.cpp">
      <Filter>ast\Expression</Filter>
    </ClCompile>
    <ClCompile Include="Identifier.cpp">
      <Filter>ast\Identifier</Filter>
    </ClCompile>
    <ClCompile Include="LetStatement.cpp">
      <Filter>ast\LetStatement</Filter>
    </ClCompile>
    <ClCompile Include="Node.cpp">
      <Filter>ast\Node</Filter>
    </ClCompile>
    <ClCompile Include="Statement.cpp">
      <Filter>ast\Statement</Filter>
    </ClCompile>
    <ClCompile Include="Program.cpp">
      <Filter>ast\Program</Filter>
    </ClCompile>
    <ClCompile Include="IntegerLiteral.cpp">
      <Filter>ast\IntegerLiteral</Filter>
    </ClCompile>
    <ClCompile Include="PrefixExpression.cpp">
      <Filter>ast\PrefixExpression</Filter>
    </ClCompile>
  </ItemGroup>
</Project>